
Microsoft Visual Studio Solution File, Format Version 12.00
# Visual Studio Version 16
VisualStudioVersion = 16.0.29418.71
MinimumVisualStudioVersion = 10.0.40219.1
Project("{9A19103F-16F7-4668-BE54-9A1E7A4F7556}") = "REST_API", "1_Presentation\REST API\REST_API.csproj", "{04C9AD50-B77B-4287-AE2D-7A51CED57AA9}"
EndProject
Project("{9A19103F-16F7-4668-BE54-9A1E7A4F7556}") = "Facade", "2_Business\Facade\Facade.csproj", "{D97FECAD-7C96-43B2-8972-6CEBE315A2C4}"
EndProject
Project("{9A19103F-16F7-4668-BE54-9A1E7A4F7556}") = "Domain", "2_Business\Domain\Domain.csproj", "{E8D546BE-927B-4B5B-AB17-AB23D848D186}"
EndProject
Project("{2150E333-8FDC-42A3-9474-1A3956D46DE8}") = "1_Presentation", "1_Presentation", "{DBD8F470-A173-45FA-A191-A074BB48B242}"
EndProject
Project("{2150E333-8FDC-42A3-9474-1A3956D46DE8}") = "2_Business", "2_Business", "{F67CBA61-73D1-4B6C-9CC0-CE5A7E33EE3B}"
EndProject
Project("{2150E333-8FDC-42A3-9474-1A3956D46DE8}") = "3_Data", "3_Data", "{71DBEEEA-D968-4995-B601-3518E9951626}"
EndProject
Project("{2150E333-8FDC-42A3-9474-1A3956D46DE8}") = "4_Shared", "4_Shared", "{CE92104A-553A-4639-B9BD-4B9C9F3ADBA4}"
EndProject
Project("{9A19103F-16F7-4668-BE54-9A1E7A4F7556}") = "Data", "3_Data\Data\Data.csproj", "{5B194BFC-EFF3-41A8-8B2B-F5543A53BDE2}"
EndProject
Project("{2150E333-8FDC-42A3-9474-1A3956D46DE8}") = "Services", "Services", "{C915B167-3108-48B7-BF2A-BDFAB6B6656E}"
EndProject
Project("{9A19103F-16F7-4668-BE54-9A1E7A4F7556}") = "MailService", "4_Shared\Services\MailService\MailService.csproj", "{D5B42711-D8F7-461E-ADC5-E7CE7A03C70B}"
EndProject
Project("{9A19103F-16F7-4668-BE54-9A1E7A4F7556}") = "LogService", "4_Shared\Services\LogService\LogService.csproj", "{E8B7F0A6-A053-48F0-9F30-C94937134F83}"
EndProject
Project("{9A19103F-16F7-4668-BE54-9A1E7A4F7556}") = "Helpers", "4_Shared\Helpers\Helpers.csproj", "{637EE4CC-C786-4ACF-88CD-471E33E106CD}"
EndProject
Project("{2150E333-8FDC-42A3-9474-1A3956D46DE8}") = "5_Tests", "5_Tests", "{56673027-FF4C-4BA1-AA6F-089E6996A3D3}"
EndProject
Project("{9A19103F-16F7-4668-BE54-9A1E7A4F7556}") = "UnitTests", "5_Tests\UnitTests\UnitTests.csproj", "{B0436CCC-B059-4DA7-BAB5-A31C89112ACD}"
EndProject
Project("{9A19103F-16F7-4668-BE54-9A1E7A4F7556}") = "IntegrationTests", "5_Tests\IntegrationTests\IntegrationTests.csproj", "{A7E1CBA3-DC7F-44CB-8D03-0A36459A218D}"
EndProject
Global
	GlobalSection(SolutionConfigurationPlatforms) = preSolution
		Debug|Any CPU = Debug|Any CPU
		Release|Any CPU = Release|Any CPU
	EndGlobalSection
	GlobalSection(ProjectConfigurationPlatforms) = postSolution
		{04C9AD50-B77B-4287-AE2D-7A51CED57AA9}.Debug|Any CPU.ActiveCfg = Debug|Any CPU
		{04C9AD50-B77B-4287-AE2D-7A51CED57AA9}.Debug|Any CPU.Build.0 = Debug|Any CPU
		{04C9AD50-B77B-4287-AE2D-7A51CED57AA9}.Release|Any CPU.ActiveCfg = Release|Any CPU
		{04C9AD50-B77B-4287-AE2D-7A51CED57AA9}.Release|Any CPU.Build.0 = Release|Any CPU
		{D97FECAD-7C96-43B2-8972-6CEBE315A2C4}.Debug|Any CPU.ActiveCfg = Debug|Any CPU
		{D97FECAD-7C96-43B2-8972-6CEBE315A2C4}.Debug|Any CPU.Build.0 = Debug|Any CPU
		{D97FECAD-7C96-43B2-8972-6CEBE315A2C4}.Release|Any CPU.ActiveCfg = Release|Any CPU
		{D97FECAD-7C96-43B2-8972-6CEBE315A2C4}.Release|Any CPU.Build.0 = Release|Any CPU
		{E8D546BE-927B-4B5B-AB17-AB23D848D186}.Debug|Any CPU.ActiveCfg = Debug|Any CPU
		{E8D546BE-927B-4B5B-AB17-AB23D848D186}.Debug|Any CPU.Build.0 = Debug|Any CPU
		{E8D546BE-927B-4B5B-AB17-AB23D848D186}.Release|Any CPU.ActiveCfg = Release|Any CPU
		{E8D546BE-927B-4B5B-AB17-AB23D848D186}.Release|Any CPU.Build.0 = Release|Any CPU
		{5B194BFC-EFF3-41A8-8B2B-F5543A53BDE2}.Debug|Any CPU.ActiveCfg = Debug|Any CPU
		{5B194BFC-EFF3-41A8-8B2B-F5543A53BDE2}.Debug|Any CPU.Build.0 = Debug|Any CPU
		{5B194BFC-EFF3-41A8-8B2B-F5543A53BDE2}.Release|Any CPU.ActiveCfg = Release|Any CPU
		{5B194BFC-EFF3-41A8-8B2B-F5543A53BDE2}.Release|Any CPU.Build.0 = Release|Any CPU
		{D5B42711-D8F7-461E-ADC5-E7CE7A03C70B}.Debug|Any CPU.ActiveCfg = Debug|Any CPU
		{D5B42711-D8F7-461E-ADC5-E7CE7A03C70B}.Debug|Any CPU.Build.0 = Debug|Any CPU
		{D5B42711-D8F7-461E-ADC5-E7CE7A03C70B}.Release|Any CPU.ActiveCfg = Release|Any CPU
		{D5B42711-D8F7-461E-ADC5-E7CE7A03C70B}.Release|Any CPU.Build.0 = Release|Any CPU
		{E8B7F0A6-A053-48F0-9F30-C94937134F83}.Debug|Any CPU.ActiveCfg = Debug|Any CPU
		{E8B7F0A6-A053-48F0-9F30-C94937134F83}.Debug|Any CPU.Build.0 = Debug|Any CPU
		{E8B7F0A6-A053-48F0-9F30-C94937134F83}.Release|Any CPU.ActiveCfg = Release|Any CPU
		{E8B7F0A6-A053-48F0-9F30-C94937134F83}.Release|Any CPU.Build.0 = Release|Any CPU
		{637EE4CC-C786-4ACF-88CD-471E33E106CD}.Debug|Any CPU.ActiveCfg = Debug|Any CPU
		{637EE4CC-C786-4ACF-88CD-471E33E106CD}.Debug|Any CPU.Build.0 = Debug|Any CPU
		{637EE4CC-C786-4ACF-88CD-471E33E106CD}.Release|Any CPU.ActiveCfg = Release|Any CPU
		{637EE4CC-C786-4ACF-88CD-471E33E106CD}.Release|Any CPU.Build.0 = Release|Any CPU
		{B0436CCC-B059-4DA7-BAB5-A31C89112ACD}.Debug|Any CPU.ActiveCfg = Debug|Any CPU
		{B0436CCC-B059-4DA7-BAB5-A31C89112ACD}.Debug|Any CPU.Build.0 = Debug|Any CPU
		{B0436CCC-B059-4DA7-BAB5-A31C89112ACD}.Release|Any CPU.ActiveCfg = Release|Any CPU
		{B0436CCC-B059-4DA7-BAB5-A31C89112ACD}.Release|Any CPU.Build.0 = Release|Any CPU
		{A7E1CBA3-DC7F-44CB-8D03-0A36459A218D}.Debug|Any CPU.ActiveCfg = Debug|Any CPU
		{A7E1CBA3-DC7F-44CB-8D03-0A36459A218D}.Debug|Any CPU.Build.0 = Debug|Any CPU
		{A7E1CBA3-DC7F-44CB-8D03-0A36459A218D}.Release|Any CPU.ActiveCfg = Release|Any CPU
		{A7E1CBA3-DC7F-44CB-8D03-0A36459A218D}.Release|Any CPU.Build.0 = Release|Any CPU
	EndGlobalSection
	GlobalSection(SolutionProperties) = preSolution
		HideSolutionNode = FALSE
	EndGlobalSection
	GlobalSection(NestedProjects) = preSolution
		{04C9AD50-B77B-4287-AE2D-7A51CED57AA9} = {DBD8F470-A173-45FA-A191-A074BB48B242}
		{D97FECAD-7C96-43B2-8972-6CEBE315A2C4} = {F67CBA61-73D1-4B6C-9CC0-CE5A7E33EE3B}
		{E8D546BE-927B-4B5B-AB17-AB23D848D186} = {F67CBA61-73D1-4B6C-9CC0-CE5A7E33EE3B}
		{5B194BFC-EFF3-41A8-8B2B-F5543A53BDE2} = {71DBEEEA-D968-4995-B601-3518E9951626}
		{C915B167-3108-48B7-BF2A-BDFAB6B6656E} = {CE92104A-553A-4639-B9BD-4B9C9F3ADBA4}
		{D5B42711-D8F7-461E-ADC5-E7CE7A03C70B} = {C915B167-3108-48B7-BF2A-BDFAB6B6656E}
		{E8B7F0A6-A053-48F0-9F30-C94937134F83} = {C915B167-3108-48B7-BF2A-BDFAB6B6656E}
		{637EE4CC-C786-4ACF-88CD-471E33E106CD} = {CE92104A-553A-4639-B9BD-4B9C9F3ADBA4}
		{B0436CCC-B059-4DA7-BAB5-A31C89112ACD} = {56673027-FF4C-4BA1-AA6F-089E6996A3D3}
		{A7E1CBA3-DC7F-44CB-8D03-0A36459A218D} = {56673027-FF4C-4BA1-AA6F-089E6996A3D3}
	EndGlobalSection
	GlobalSection(ExtensibilityGlobals) = postSolution
		SolutionGuid = {497E488F-4F3B-4B9A-A432-99D567F2DFE5}
	EndGlobalSection
EndGlobal
